# THIS IS AN AUTOGENERATED FILE. DO NOT EDIT THIS FILE DIRECTLY.
# yarn lockfile v1


"@types/prop-types@*":
  version "15.7.5"
  resolved "https://registry.yarnpkg.com/@types/prop-types/-/prop-types-15.7.5.tgz#5f19d2b85a98e9558036f6a3cacc8819420f05cf"
  integrity sha512-JCB8C6SnDoQf0cNycqd/35A7MjcnK+ZTqE7judS6o7utxUCg6imJg3QK2qzHKszlTjcj2cn+NwMB2i96ubpj7w==

"@types/react@^18.0.9":
  version "18.0.9"
  resolved "https://registry.yarnpkg.com/@types/react/-/react-18.0.9.tgz#d6712a38bd6cd83469603e7359511126f122e878"
  integrity sha512-9bjbg1hJHUm4De19L1cHiW0Jvx3geel6Qczhjd0qY5VKVE2X5+x77YxAepuCwVh4vrgZJdgEJw48zrhRIeF4Nw==
  dependencies:
    "@types/prop-types" "*"
    "@types/scheduler" "*"
    csstype "^3.0.2"

"@types/scheduler@*":
  version "0.16.2"
  resolved "https://registry.yarnpkg.com/@types/scheduler/-/scheduler-0.16.2.tgz#1a62f89525723dde24ba1b01b092bf5df8ad4d39"
  integrity sha512-hppQEBDmlwhFAXKJX2KnWLYu5yMfi91yazPb2l+lbJiwW+wdo1gNeRA+3RgNSO39WYX2euey41KEwnqesU2Jew==

csstype@^3.0.2:
  version "3.0.11"
  resolved "https://registry.yarnpkg.com/csstype/-/csstype-3.0.11.tgz#d66700c5eacfac1940deb4e3ee5642792d85cd33"
  integrity sha512-sa6P2wJ+CAbgyy4KFssIb/JNMLxFvKF1pCYCSXS8ZMuqZnMsrxqI2E5sPyoTpxoPU/gVZMzr2zjOfg8GIZOMsw==

yarn@^1.22.18:
  version "1.22.18"
  resolved "https://registry.yarnpkg.com/yarn/-/yarn-1.22.18.tgz#05b822ade8c672987bab8858635145da0850f78a"
  integrity sha512-oFffv6Jp2+BTUBItzx1Z0dpikTX+raRdqupfqzeMKnoh7WD6RuPAxcqDkMUy9vafJkrB0YaV708znpuMhEBKGQ==
